
Microsoft Visual Studio Solution File, Format Version 12.00
# Visual Studio Version 16
VisualStudioVersion = 16.0.30225.117
MinimumVisualStudioVersion = 10.0.40219.1
Project("{9A19103F-16F7-4668-BE54-9A1E7A4F7556}") = "Sast.Analyzer", "Sast.Analyzer\Sast.Analyzer.csproj", "{88D218B9-8848-4BDE-BE8F-B4C922EA34ED}"
EndProject
Project("{9A19103F-16F7-4668-BE54-9A1E7A4F7556}") = "Sast.Antlr", "Sast.Antlr\Sast.Antlr.csproj", "{27FDC42E-59A3-4D82-A42E-49C834A91155}"
EndProject
Project("{2150E333-8FDC-42A3-9474-1A3956D46DE8}") = "Solution Items", "Solution Items", "{A740EACD-AC77-429B-9426-960F5E247F04}"
	ProjectSection(SolutionItems) = preProject
		License.md = License.md
		README.md = README.md
	EndProjectSection
EndProject
Project("{FAE04EC0-301F-11D3-BF4B-00C04F79EFBC}") = "Sast.Utility", "Sast.Utility\Sast.Utility.csproj", "{56DC3C39-5A30-49AC-A7AB-46649BD95369}"
EndProject
Project("{FAE04EC0-301F-11D3-BF4B-00C04F79EFBC}") = "Sast.CodeExplorer", "Sast.CodeExplorer\Sast.CodeExplorer.csproj", "{573B085A-289D-486B-AB77-48237108D6A9}"
EndProject
Global
	GlobalSection(SolutionConfigurationPlatforms) = preSolution
		Debug|Any CPU = Debug|Any CPU
		Release|Any CPU = Release|Any CPU
	EndGlobalSection
	GlobalSection(ProjectConfigurationPlatforms) = postSolution
		{88D218B9-8848-4BDE-BE8F-B4C922EA34ED}.Debug|Any CPU.ActiveCfg = Debug|Any CPU
		{88D218B9-8848-4BDE-BE8F-B4C922EA34ED}.Debug|Any CPU.Build.0 = Debug|Any CPU
		{88D218B9-8848-4BDE-BE8F-B4C922EA34ED}.Release|Any CPU.ActiveCfg = Release|Any CPU
		{88D218B9-8848-4BDE-BE8F-B4C922EA34ED}.Release|Any CPU.Build.0 = Release|Any CPU
		{27FDC42E-59A3-4D82-A42E-49C834A91155}.Debug|Any CPU.ActiveCfg = Debug|Any CPU
		{27FDC42E-59A3-4D82-A42E-49C834A91155}.Debug|Any CPU.Build.0 = Debug|Any CPU
		{27FDC42E-59A3-4D82-A42E-49C834A91155}.Release|Any CPU.ActiveCfg = Release|Any CPU
		{27FDC42E-59A3-4D82-A42E-49C834A91155}.Release|Any CPU.Build.0 = Release|Any CPU
		{56DC3C39-5A30-49AC-A7AB-46649BD95369}.Debug|Any CPU.ActiveCfg = Debug|Any CPU
		{56DC3C39-5A30-49AC-A7AB-46649BD95369}.Debug|Any CPU.Build.0 = Debug|Any CPU
		{56DC3C39-5A30-49AC-A7AB-46649BD95369}.Release|Any CPU.ActiveCfg = Release|Any CPU
		{56DC3C39-5A30-49AC-A7AB-46649BD95369}.Release|Any CPU.Build.0 = Release|Any CPU
		{573B085A-289D-486B-AB77-48237108D6A9}.Debug|Any CPU.ActiveCfg = Debug|Any CPU
		{573B085A-289D-486B-AB77-48237108D6A9}.Debug|Any CPU.Build.0 = Debug|Any CPU
		{573B085A-289D-486B-AB77-48237108D6A9}.Release|Any CPU.ActiveCfg = Release|Any CPU
		{573B085A-289D-486B-AB77-48237108D6A9}.Release|Any CPU.Build.0 = Release|Any CPU
	EndGlobalSection
	GlobalSection(SolutionProperties) = preSolution
		HideSolutionNode = FALSE
	EndGlobalSection
	GlobalSection(ExtensibilityGlobals) = postSolution
		SolutionGuid = {BCEC79BF-6FDD-4D59-89AB-3DECBBEDF0F4}
	EndGlobalSection
EndGlobal
